// !$*UTF8*$!
{
	archiveVersion = 1;
	classes = {
	};
	objectVersion = 56;
	objects = {

/* Begin PBXBuildFile section */
		340E215C29FEC0DB005BC4DB /* topics.storyboard in Resources */ = {isa = PBXBuildFile; fileRef = 340E215A29FEC0DB005BC4DB /* topics.storyboard */; };
		3468DF052BBDEFA100698AD0 /* apps_click.swift in Sources */ = {isa = PBXBuildFile; fileRef = 3468DF042BBDEFA100698AD0 /* apps_click.swift */; };
		346F7E392BFBD29400B58FE7 /* luminous.storyboard in Resources */ = {isa = PBXBuildFile; fileRef = 346F7E372BFBD29400B58FE7 /* luminous.storyboard */; };
		346F7E3C2BFBD3DB00B58FE7 /* glorious.storyboard in Resources */ = {isa = PBXBuildFile; fileRef = 346F7E3A2BFBD3DB00B58FE7 /* glorious.storyboard */; };
		346F7E3F2BFBD53700B58FE7 /* sorrowful.storyboard in Resources */ = {isa = PBXBuildFile; fileRef = 346F7E3D2BFBD53700B58FE7 /* sorrowful.storyboard */; };
		346F7E422BFBD66500B58FE7 /* joyful.storyboard in Resources */ = {isa = PBXBuildFile; fileRef = 346F7E402BFBD66500B58FE7 /* joyful.storyboard */; };
		3478F1B12BFE4C9300C3F036 /* day_10.storyboard in Resources */ = {isa = PBXBuildFile; fileRef = 3478F1AF2BFE4C9300C3F036 /* day_10.storyboard */; };
		3478F1B42BFE4D4000C3F036 /* day_11.storyboard in Resources */ = {isa = PBXBuildFile; fileRef = 3478F1B22BFE4D4000C3F036 /* day_11.storyboard */; };
		3478F1BA2BFE996A00C3F036 /* day_12.storyboard in Resources */ = {isa = PBXBuildFile; fileRef = 3478F1B82BFE996900C3F036 /* day_12.storyboard */; };
		3478F1BD2BFE9AA800C3F036 /* day_13.storyboard in Resources */ = {isa = PBXBuildFile; fileRef = 3478F1BB2BFE9AA800C3F036 /* day_13.storyboard */; };
		3478F1C02BFFB76800C3F036 /* day_14.storyboard in Resources */ = {isa = PBXBuildFile; fileRef = 3478F1BE2BFFB76800C3F036 /* day_14.storyboard */; };
		3478F1C32BFFB88800C3F036 /* day_15.storyboard in Resources */ = {isa = PBXBuildFile; fileRef = 3478F1C12BFFB88800C3F036 /* day_15.storyboard */; };
		3478F1C62C00F56000C3F036 /* day_16.storyboard in Resources */ = {isa = PBXBuildFile; fileRef = 3478F1C42C00F56000C3F036 /* day_16.storyboard */; };
		3478F1C92C00F60400C3F036 /* day_17.storyboard in Resources */ = {isa = PBXBuildFile; fileRef = 3478F1C72C00F60400C3F036 /* day_17.storyboard */; };
		3478F1CC2C00F84A00C3F036 /* day_18.storyboard in Resources */ = {isa = PBXBuildFile; fileRef = 3478F1CA2C00F84A00C3F036 /* day_18.storyboard */; };
		3478F1CF2C00FA8600C3F036 /* day_19.storyboard in Resources */ = {isa = PBXBuildFile; fileRef = 3478F1CD2C00FA8600C3F036 /* day_19.storyboard */; };
		3478F1D22C02389C00C3F036 /* day_20.storyboard in Resources */ = {isa = PBXBuildFile; fileRef = 3478F1D02C02389C00C3F036 /* day_20.storyboard */; };
		3478F1D52C023A1B00C3F036 /* day_21.storyboard in Resources */ = {isa = PBXBuildFile; fileRef = 3478F1D32C023A1B00C3F036 /* day_21.storyboard */; };
		34911AE72BFC2B2B00036B00 /* day_1.storyboard in Resources */ = {isa = PBXBuildFile; fileRef = 34911AE52BFC2B2B00036B00 /* day_1.storyboard */; };
		34911AEA2BFC2CAF00036B00 /* day_2.storyboard in Resources */ = {isa = PBXBuildFile; fileRef = 34911AE82BFC2CAF00036B00 /* day_2.storyboard */; };
		34911AED2BFC2DE100036B00 /* day_3.storyboard in Resources */ = {isa = PBXBuildFile; fileRef = 34911AEB2BFC2DE100036B00 /* day_3.storyboard */; };
		34911AF32BFD191500036B00 /* day_4.storyboard in Resources */ = {isa = PBXBuildFile; fileRef = 34911AF12BFD191500036B00 /* day_4.storyboard */; };
		34911AF62BFD1AAC00036B00 /* day_5.storyboard in Resources */ = {isa = PBXBuildFile; fileRef = 34911AF42BFD1AAC00036B00 /* day_5.storyboard */; };
		34911AF92BFD784000036B00 /* day_6.storyboard in Resources */ = {isa = PBXBuildFile; fileRef = 34911AF72BFD784000036B00 /* day_6.storyboard */; };
		34911AFC2BFD796100036B00 /* day_7.storyboard in Resources */ = {isa = PBXBuildFile; fileRef = 34911AFA2BFD796100036B00 /* day_7.storyboard */; };
		34911AFF2BFD7A5500036B00 /* day_8.storyboard in Resources */ = {isa = PBXBuildFile; fileRef = 34911AFD2BFD7A5500036B00 /* day_8.storyboard */; };
		34911B022BFD7BD400036B00 /* day_9.storyboard in Resources */ = {isa = PBXBuildFile; fileRef = 34911B002BFD7BD400036B00 /* day_9.storyboard */; };
		34B65B612C026F280032D422 /* day_22.storyboard in Resources */ = {isa = PBXBuildFile; fileRef = 34B65B5F2C026F280032D422 /* day_22.storyboard */; };
		34B65B642C0270630032D422 /* day_23.storyboard in Resources */ = {isa = PBXBuildFile; fileRef = 34B65B622C0270630032D422 /* day_23.storyboard */; };
		34B65B672C03B0DE0032D422 /* day_24.storyboard in Resources */ = {isa = PBXBuildFile; fileRef = 34B65B652C03B0DE0032D422 /* day_24.storyboard */; };
		34B65B6A2C03B1750032D422 /* day_25.storyboard in Resources */ = {isa = PBXBuildFile; fileRef = 34B65B682C03B1750032D422 /* day_25.storyboard */; };
		34B65B6D2C03B2300032D422 /* day_26.storyboard in Resources */ = {isa = PBXBuildFile; fileRef = 34B65B6B2C03B2300032D422 /* day_26.storyboard */; };
		34B65B702C03B3170032D422 /* day_27.storyboard in Resources */ = {isa = PBXBuildFile; fileRef = 34B65B6E2C03B3170032D422 /* day_27.storyboard */; };
		34B65B732C03B3EE0032D422 /* day_28.storyboard in Resources */ = {isa = PBXBuildFile; fileRef = 34B65B712C03B3EE0032D422 /* day_28.storyboard */; };
		34B65B762C03B4B50032D422 /* day_29.storyboard in Resources */ = {isa = PBXBuildFile; fileRef = 34B65B742C03B4B50032D422 /* day_29.storyboard */; };
		34BA89B329F8382000CBB414 /* AppDelegate.swift in Sources */ = {isa = PBXBuildFile; fileRef = 34BA89B229F8382000CBB414 /* AppDelegate.swift */; };
		34BA89B529F8382000CBB414 /* SceneDelegate.swift in Sources */ = {isa = PBXBuildFile; fileRef = 34BA89B429F8382000CBB414 /* SceneDelegate.swift */; };
		34BA89B729F8382000CBB414 /* ViewController.swift in Sources */ = {isa = PBXBuildFile; fileRef = 34BA89B629F8382000CBB414 /* ViewController.swift */; };
		34BA89BA29F8382000CBB414 /* Main.storyboard in Resources */ = {isa = PBXBuildFile; fileRef = 34BA89B829F8382000CBB414 /* Main.storyboard */; };
		34BA89BC29F8382100CBB414 /* Assets.xcassets in Resources */ = {isa = PBXBuildFile; fileRef = 34BA89BB29F8382100CBB414 /* Assets.xcassets */; };
		34BA89BF29F8382100CBB414 /* LaunchScreen.storyboard in Resources */ = {isa = PBXBuildFile; fileRef = 34BA89BD29F8382100CBB414 /* LaunchScreen.storyboard */; };
		34BA89CA29F8382100CBB414 /* promise_rosaryTests.swift in Sources */ = {isa = PBXBuildFile; fileRef = 34BA89C929F8382100CBB414 /* promise_rosaryTests.swift */; };
		34BA89D429F8382100CBB414 /* promise_rosaryUITests.swift in Sources */ = {isa = PBXBuildFile; fileRef = 34BA89D329F8382100CBB414 /* promise_rosaryUITests.swift */; };
		34BA89D629F8382100CBB414 /* promise_rosaryUITestsLaunchTests.swift in Sources */ = {isa = PBXBuildFile; fileRef = 34BA89D529F8382100CBB414 /* promise_rosaryUITestsLaunchTests.swift */; };
/* End PBXBuildFile section */

/* Begin PBXContainerItemProxy section */
		34BA89C629F8382100CBB414 /* PBXContainerItemProxy */ = {
			isa = PBXContainerItemProxy;
			containerPortal = 34BA89A729F8382000CBB414 /* Project object */;
			proxyType = 1;
			remoteGlobalIDString = 34BA89AE29F8382000CBB414;
			remoteInfo = "promise-rosary";
		};
		34BA89D029F8382100CBB414 /* PBXContainerItemProxy */ = {
			isa = PBXContainerItemProxy;
			containerPortal = 34BA89A729F8382000CBB414 /* Project object */;
			proxyType = 1;
			remoteGlobalIDString = 34BA89AE29F8382000CBB414;
			remoteInfo = "promise-rosary";
		};
/* End PBXContainerItemProxy section */

/* Begin PBXFileReference section */
		340E215B29FEC0DB005BC4DB /* Base */ = {isa = PBXFileReference; lastKnownFileType = file.storyboard; name = Base; path = "promise-rosary/Base.lproj/topics.storyboard"; sourceTree = "<group>"; };
		3468DF042BBDEFA100698AD0 /* apps_click.swift */ = {isa = PBXFileReference; lastKnownFileType = sourcecode.swift; path = apps_click.swift; sourceTree = "<group>"; };
		346F7E382BFBD29400B58FE7 /* Base */ = {isa = PBXFileReference; lastKnownFileType = file.storyboard; name = Base; path = "promise-rosary/Base.lproj/luminous.storyboard"; sourceTree = "<group>"; };
		346F7E3B2BFBD3DB00B58FE7 /* Base */ = {isa = PBXFileReference; lastKnownFileType = file.storyboard; name = Base; path = "promise-rosary/Base.lproj/glorious.storyboard"; sourceTree = "<group>"; };
		346F7E3E2BFBD53700B58FE7 /* Base */ = {isa = PBXFileReference; lastKnownFileType = file.storyboard; name = Base; path = "promise-rosary/Base.lproj/sorrowful.storyboard"; sourceTree = "<group>"; };
		346F7E412BFBD66500B58FE7 /* Base */ = {isa = PBXFileReference; lastKnownFileType = file.storyboard; name = Base; path = "promise-rosary/Base.lproj/joyful.storyboard"; sourceTree = "<group>"; };
		3478F1B02BFE4C9300C3F036 /* Base */ = {isa = PBXFileReference; lastKnownFileType = file.storyboard; name = Base; path = "promise-rosary/Base.lproj/day_10.storyboard"; sourceTree = "<group>"; };
		3478F1B32BFE4D4000C3F036 /* Base */ = {isa = PBXFileReference; lastKnownFileType = file.storyboard; name = Base; path = "promise-rosary/Base.lproj/day_11.storyboard"; sourceTree = "<group>"; };
		3478F1B92BFE996900C3F036 /* Base */ = {isa = PBXFileReference; lastKnownFileType = file.storyboard; name = Base; path = "promise-rosary/Base.lproj/day_12.storyboard"; sourceTree = "<group>"; };
		3478F1BC2BFE9AA800C3F036 /* Base */ = {isa = PBXFileReference; lastKnownFileType = file.storyboard; name = Base; path = "promise-rosary/Base.lproj/day_13.storyboard"; sourceTree = "<group>"; };
		3478F1BF2BFFB76800C3F036 /* Base */ = {isa = PBXFileReference; lastKnownFileType = file.storyboard; name = Base; path = "promise-rosary/Base.lproj/day_14.storyboard"; sourceTree = "<group>"; };
		3478F1C22BFFB88800C3F036 /* Base */ = {isa = PBXFileReference; lastKnownFileType = file.storyboard; name = Base; path = "promise-rosary/Base.lproj/day_15.storyboard"; sourceTree = "<group>"; };
		3478F1C52C00F56000C3F036 /* Base */ = {isa = PBXFileReference; lastKnownFileType = file.storyboard; name = Base; path = "promise-rosary/Base.lproj/day_16.storyboard"; sourceTree = "<group>"; };
		3478F1C82C00F60400C3F036 /* Base */ = {isa = PBXFileReference; lastKnownFileType = file.storyboard; name = Base; path = "promise-rosary/Base.lproj/day_17.storyboard"; sourceTree = "<group>"; };
		3478F1CB2C00F84A00C3F036 /* Base */ = {isa = PBXFileReference; lastKnownFileType = file.storyboard; name = Base; path = "promise-rosary/Base.lproj/day_18.storyboard"; sourceTree = "<group>"; };
		3478F1CE2C00FA8600C3F036 /* Base */ = {isa = PBXFileReference; lastKnownFileType = file.storyboard; name = Base; path = "promise-rosary/Base.lproj/day_19.storyboard"; sourceTree = "<group>"; };
		3478F1D12C02389C00C3F036 /* Base */ = {isa = PBXFileReference; lastKnownFileType = file.storyboard; name = Base; path = "promise-rosary/Base.lproj/day_20.storyboard"; sourceTree = "<group>"; };
		3478F1D42C023A1B00C3F036 /* Base */ = {isa = PBXFileReference; lastKnownFileType = file.storyboard; name = Base; path = "promise-rosary/Base.lproj/day_21.storyboard"; sourceTree = "<group>"; };
		34911AE62BFC2B2B00036B00 /* Base */ = {isa = PBXFileReference; lastKnownFileType = file.storyboard; name = Base; path = "promise-rosary/Base.lproj/day_1.storyboard"; sourceTree = "<group>"; };
		34911AE92BFC2CAF00036B00 /* Base */ = {isa = PBXFileReference; lastKnownFileType = file.storyboard; name = Base; path = "promise-rosary/Base.lproj/day_2.storyboard"; sourceTree = "<group>"; };
		34911AEC2BFC2DE100036B00 /* Base */ = {isa = PBXFileReference; lastKnownFileType = file.storyboard; name = Base; path = "promise-rosary/Base.lproj/day_3.storyboard"; sourceTree = "<group>"; };
		34911AF22BFD191500036B00 /* Base */ = {isa = PBXFileReference; lastKnownFileType = file.storyboard; name = Base; path = "promise-rosary/Base.lproj/day_4.storyboard"; sourceTree = "<group>"; };
		34911AF52BFD1AAC00036B00 /* Base */ = {isa = PBXFileReference; lastKnownFileType = file.storyboard; name = Base; path = "promise-rosary/Base.lproj/day_5.storyboard"; sourceTree = "<group>"; };
		34911AF82BFD784000036B00 /* Base */ = {isa = PBXFileReference; lastKnownFileType = file.storyboard; name = Base; path = "promise-rosary/Base.lproj/day_6.storyboard"; sourceTree = "<group>"; };
		34911AFB2BFD796100036B00 /* Base */ = {isa = PBXFileReference; lastKnownFileType = file.storyboard; name = Base; path = "promise-rosary/Base.lproj/day_7.storyboard"; sourceTree = "<group>"; };
		34911AFE2BFD7A5500036B00 /* Base */ = {isa = PBXFileReference; lastKnownFileType = file.storyboard; name = Base; path = "promise-rosary/Base.lproj/day_8.storyboard"; sourceTree = "<group>"; };
		34911B012BFD7BD400036B00 /* Base */ = {isa = PBXFileReference; lastKnownFileType = file.storyboard; name = Base; path = "promise-rosary/Base.lproj/day_9.storyboard"; sourceTree = "<group>"; };
		34B65B602C026F280032D422 /* Base */ = {isa = PBXFileReference; lastKnownFileType = file.storyboard; name = Base; path = "promise-rosary/Base.lproj/day_22.storyboard"; sourceTree = "<group>"; };
		34B65B632C0270630032D422 /* Base */ = {isa = PBXFileReference; lastKnownFileType = file.storyboard; name = Base; path = "promise-rosary/Base.lproj/day_23.storyboard"; sourceTree = "<group>"; };
		34B65B662C03B0DE0032D422 /* Base */ = {isa = PBXFileReference; lastKnownFileType = file.storyboard; name = Base; path = "promise-rosary/Base.lproj/day_24.storyboard"; sourceTree = "<group>"; };
		34B65B692C03B1750032D422 /* Base */ = {isa = PBXFileReference; lastKnownFileType = file.storyboard; name = Base; path = "promise-rosary/Base.lproj/day_25.storyboard"; sourceTree = "<group>"; };
		34B65B6C2C03B2300032D422 /* Base */ = {isa = PBXFileReference; lastKnownFileType = file.storyboard; name = Base; path = "promise-rosary/Base.lproj/day_26.storyboard"; sourceTree = "<group>"; };
		34B65B6F2C03B3170032D422 /* Base */ = {isa = PBXFileReference; lastKnownFileType = file.storyboard; name = Base; path = "promise-rosary/Base.lproj/day_27.storyboard"; sourceTree = "<group>"; };
		34B65B722C03B3EE0032D422 /* Base */ = {isa = PBXFileReference; lastKnownFileType = file.storyboard; name = Base; path = "promise-rosary/Base.lproj/day_28.storyboard"; sourceTree = "<group>"; };
		34B65B752C03B4B50032D422 /* Base */ = {isa = PBXFileReference; lastKnownFileType = file.storyboard; name = Base; path = "promise-rosary/Base.lproj/day_29.storyboard"; sourceTree = "<group>"; };
		34BA89AF29F8382000CBB414 /* promise-rosary.app */ = {isa = PBXFileReference; explicitFileType = wrapper.application; includeInIndex = 0; path = "promise-rosary.app"; sourceTree = BUILT_PRODUCTS_DIR; };
		34BA89B229F8382000CBB414 /* AppDelegate.swift */ = {isa = PBXFileReference; lastKnownFileType = sourcecode.swift; path = AppDelegate.swift; sourceTree = "<group>"; };
		34BA89B429F8382000CBB414 /* SceneDelegate.swift */ = {isa = PBXFileReference; lastKnownFileType = sourcecode.swift; path = SceneDelegate.swift; sourceTree = "<group>"; };
		34BA89B629F8382000CBB414 /* ViewController.swift */ = {isa = PBXFileReference; lastKnownFileType = sourcecode.swift; path = ViewController.swift; sourceTree = "<group>"; };
		34BA89B929F8382000CBB414 /* Base */ = {isa = PBXFileReference; lastKnownFileType = file.storyboard; name = Base; path = Base.lproj/Main.storyboard; sourceTree = "<group>"; };
		34BA89BB29F8382100CBB414 /* Assets.xcassets */ = {isa = PBXFileReference; lastKnownFileType = folder.assetcatalog; path = Assets.xcassets; sourceTree = "<group>"; };
		34BA89BE29F8382100CBB414 /* Base */ = {isa = PBXFileReference; lastKnownFileType = file.storyboard; name = Base; path = Base.lproj/LaunchScreen.storyboard; sourceTree = "<group>"; };
		34BA89C029F8382100CBB414 /* Info.plist */ = {isa = PBXFileReference; lastKnownFileType = text.plist.xml; path = Info.plist; sourceTree = "<group>"; };
		34BA89C529F8382100CBB414 /* promise-rosaryTests.xctest */ = {isa = PBXFileReference; explicitFileType = wrapper.cfbundle; includeInIndex = 0; path = "promise-rosaryTests.xctest"; sourceTree = BUILT_PRODUCTS_DIR; };
		34BA89C929F8382100CBB414 /* promise_rosaryTests.swift */ = {isa = PBXFileReference; lastKnownFileType = sourcecode.swift; path = promise_rosaryTests.swift; sourceTree = "<group>"; };
		34BA89CF29F8382100CBB414 /* promise-rosaryUITests.xctest */ = {isa = PBXFileReference; explicitFileType = wrapper.cfbundle; includeInIndex = 0; path = "promise-rosaryUITests.xctest"; sourceTree = BUILT_PRODUCTS_DIR; };
		34BA89D329F8382100CBB414 /* promise_rosaryUITests.swift */ = {isa = PBXFileReference; lastKnownFileType = sourcecode.swift; path = promise_rosaryUITests.swift; sourceTree = "<group>"; };
		34BA89D529F8382100CBB414 /* promise_rosaryUITestsLaunchTests.swift */ = {isa = PBXFileReference; lastKnownFileType = sourcecode.swift; path = promise_rosaryUITestsLaunchTests.swift; sourceTree = "<group>"; };
/* End PBXFileReference section */

/* Begin PBXFrameworksBuildPhase section */
		34BA89AC29F8382000CBB414 /* Frameworks */ = {
			isa = PBXFrameworksBuildPhase;
			buildActionMask = 2147483647;
			files = (
			);
			runOnlyForDeploymentPostprocessing = 0;
		};
		34BA89C229F8382100CBB414 /* Frameworks */ = {
			isa = PBXFrameworksBuildPhase;
			buildActionMask = 2147483647;
			files = (
			);
			runOnlyForDeploymentPostprocessing = 0;
		};
		34BA89CC29F8382100CBB414 /* Frameworks */ = {
			isa = PBXFrameworksBuildPhase;
			buildActionMask = 2147483647;
			files = (
			);
			runOnlyForDeploymentPostprocessing = 0;
		};
/* End PBXFrameworksBuildPhase section */

/* Begin PBXGroup section */
		34BA89A629F8382000CBB414 = {
			isa = PBXGroup;
			children = (
				34B65B742C03B4B50032D422 /* day_29.storyboard */,
				34B65B712C03B3EE0032D422 /* day_28.storyboard */,
				34B65B6E2C03B3170032D422 /* day_27.storyboard */,
				34B65B6B2C03B2300032D422 /* day_26.storyboard */,
				34B65B682C03B1750032D422 /* day_25.storyboard */,
				34B65B652C03B0DE0032D422 /* day_24.storyboard */,
				34B65B622C0270630032D422 /* day_23.storyboard */,
				34B65B5F2C026F280032D422 /* day_22.storyboard */,
				3478F1D32C023A1B00C3F036 /* day_21.storyboard */,
				3478F1D02C02389C00C3F036 /* day_20.storyboard */,
				3478F1CD2C00FA8600C3F036 /* day_19.storyboard */,
				3478F1CA2C00F84A00C3F036 /* day_18.storyboard */,
				3478F1C72C00F60400C3F036 /* day_17.storyboard */,
				3478F1C42C00F56000C3F036 /* day_16.storyboard */,
				3478F1C12BFFB88800C3F036 /* day_15.storyboard */,
				3478F1BE2BFFB76800C3F036 /* day_14.storyboard */,
				3478F1BB2BFE9AA800C3F036 /* day_13.storyboard */,
				3478F1B82BFE996900C3F036 /* day_12.storyboard */,
				3478F1B22BFE4D4000C3F036 /* day_11.storyboard */,
				3478F1AF2BFE4C9300C3F036 /* day_10.storyboard */,
				34911B002BFD7BD400036B00 /* day_9.storyboard */,
				34911AFD2BFD7A5500036B00 /* day_8.storyboard */,
				34911AFA2BFD796100036B00 /* day_7.storyboard */,
				34911AF72BFD784000036B00 /* day_6.storyboard */,
				34911AF42BFD1AAC00036B00 /* day_5.storyboard */,
				34911AF12BFD191500036B00 /* day_4.storyboard */,
				34911AEB2BFC2DE100036B00 /* day_3.storyboard */,
				34911AE82BFC2CAF00036B00 /* day_2.storyboard */,
				34911AE52BFC2B2B00036B00 /* day_1.storyboard */,
				346F7E402BFBD66500B58FE7 /* joyful.storyboard */,
				346F7E3D2BFBD53700B58FE7 /* sorrowful.storyboard */,
				346F7E3A2BFBD3DB00B58FE7 /* glorious.storyboard */,
				346F7E372BFBD29400B58FE7 /* luminous.storyboard */,
				340E215A29FEC0DB005BC4DB /* topics.storyboard */,
				34BA89B129F8382000CBB414 /* promise-rosary */,
				34BA89C829F8382100CBB414 /* promise-rosaryTests */,
				34BA89D229F8382100CBB414 /* promise-rosaryUITests */,
				34BA89B029F8382000CBB414 /* Products */,
			);
			sourceTree = "<group>";
		};
		34BA89B029F8382000CBB414 /* Products */ = {
			isa = PBXGroup;
			children = (
				34BA89AF29F8382000CBB414 /* promise-rosary.app */,
				34BA89C529F8382100CBB414 /* promise-rosaryTests.xctest */,
				34BA89CF29F8382100CBB414 /* promise-rosaryUITests.xctest */,
			);
			name = Products;
			sourceTree = "<group>";
		};
		34BA89B129F8382000CBB414 /* promise-rosary */ = {
			isa = PBXGroup;
			children = (
				34BA89B229F8382000CBB414 /* AppDelegate.swift */,
				34BA89B429F8382000CBB414 /* SceneDelegate.swift */,
				34BA89B629F8382000CBB414 /* ViewController.swift */,
				34BA89B829F8382000CBB414 /* Main.storyboard */,
				3468DF042BBDEFA100698AD0 /* apps_click.swift */,
				34BA89BB29F8382100CBB414 /* Assets.xcassets */,
				34BA89BD29F8382100CBB414 /* LaunchScreen.storyboard */,
				34BA89C029F8382100CBB414 /* Info.plist */,
			);
			path = "promise-rosary";
			sourceTree = "<group>";
		};
		34BA89C829F8382100CBB414 /* promise-rosaryTests */ = {
			isa = PBXGroup;
			children = (
				34BA89C929F8382100CBB414 /* promise_rosaryTests.swift */,
			);
			path = "promise-rosaryTests";
			sourceTree = "<group>";
		};
		34BA89D229F8382100CBB414 /* promise-rosaryUITests */ = {
			isa = PBXGroup;
			children = (
				34BA89D329F8382100CBB414 /* promise_rosaryUITests.swift */,
				34BA89D529F8382100CBB414 /* promise_rosaryUITestsLaunchTests.swift */,
			);
			path = "promise-rosaryUITests";
			sourceTree = "<group>";
		};
/* End PBXGroup section */

/* Begin PBXNativeTarget section */
		34BA89AE29F8382000CBB414 /* promise-rosary */ = {
			isa = PBXNativeTarget;
			buildConfigurationList = 34BA89D929F8382100CBB414 /* Build configuration list for PBXNativeTarget "promise-rosary" */;
			buildPhases = (
				34BA89AB29F8382000CBB414 /* Sources */,
				34BA89AC29F8382000CBB414 /* Frameworks */,
				34BA89AD29F8382000CBB414 /* Resources */,
			);
			buildRules = (
			);
			dependencies = (
			);
			name = "promise-rosary";
			productName = "promise-rosary";
			productReference = 34BA89AF29F8382000CBB414 /* promise-rosary.app */;
			productType = "com.apple.product-type.application";
		};
		34BA89C429F8382100CBB414 /* promise-rosaryTests */ = {
			isa = PBXNativeTarget;
			buildConfigurationList = 34BA89DC29F8382100CBB414 /* Build configuration list for PBXNativeTarget "promise-rosaryTests" */;
			buildPhases = (
				34BA89C129F8382100CBB414 /* Sources */,
				34BA89C229F8382100CBB414 /* Frameworks */,
				34BA89C329F8382100CBB414 /* Resources */,
			);
			buildRules = (
			);
			dependencies = (
				34BA89C729F8382100CBB414 /* PBXTargetDependency */,
			);
			name = "promise-rosaryTests";
			productName = "promise-rosaryTests";
			productReference = 34BA89C529F8382100CBB414 /* promise-rosaryTests.xctest */;
			productType = "com.apple.product-type.bundle.unit-test";
		};
		34BA89CE29F8382100CBB414 /* promise-rosaryUITests */ = {
			isa = PBXNativeTarget;
			buildConfigurationList = 34BA89DF29F8382100CBB414 /* Build configuration list for PBXNativeTarget "promise-rosaryUITests" */;
			buildPhases = (
				34BA89CB29F8382100CBB414 /* Sources */,
				34BA89CC29F8382100CBB414 /* Frameworks */,
				34BA89CD29F8382100CBB414 /* Resources */,
			);
			buildRules = (
			);
			dependencies = (
				34BA89D129F8382100CBB414 /* PBXTargetDependency */,
			);
			name = "promise-rosaryUITests";
			productName = "promise-rosaryUITests";
			productReference = 34BA89CF29F8382100CBB414 /* promise-rosaryUITests.xctest */;
			productType = "com.apple.product-type.bundle.ui-testing";
		};
/* End PBXNativeTarget section */

/* Begin PBXProject section */
		34BA89A729F8382000CBB414 /* Project object */ = {
			isa = PBXProject;
			attributes = {
				BuildIndependentTargetsInParallel = 1;
				LastSwiftUpdateCheck = 1420;
				LastUpgradeCheck = 1530;
				TargetAttributes = {
					34BA89AE29F8382000CBB414 = {
						CreatedOnToolsVersion = 14.2;
					};
					34BA89C429F8382100CBB414 = {
						CreatedOnToolsVersion = 14.2;
						TestTargetID = 34BA89AE29F8382000CBB414;
					};
					34BA89CE29F8382100CBB414 = {
						CreatedOnToolsVersion = 14.2;
						TestTargetID = 34BA89AE29F8382000CBB414;
					};
				};
			};
			buildConfigurationList = 34BA89AA29F8382000CBB414 /* Build configuration list for PBXProject "promise-rosary" */;
			compatibilityVersion = "Xcode 14.0";
			developmentRegion = en;
			hasScannedForEncodings = 0;
			knownRegions = (
				en,
				Base,
			);
			mainGroup = 34BA89A629F8382000CBB414;
			productRefGroup = 34BA89B029F8382000CBB414 /* Products */;
			projectDirPath = "";
			projectRoot = "";
			targets = (
				34BA89AE29F8382000CBB414 /* promise-rosary */,
				34BA89C429F8382100CBB414 /* promise-rosaryTests */,
				34BA89CE29F8382100CBB414 /* promise-rosaryUITests */,
			);
		};
/* End PBXProject section */

/* Begin PBXResourcesBuildPhase section */
		34BA89AD29F8382000CBB414 /* Resources */ = {
			isa = PBXResourcesBuildPhase;
			buildActionMask = 2147483647;
			files = (
				34911AF92BFD784000036B00 /* day_6.storyboard in Resources */,
				34911AF32BFD191500036B00 /* day_4.storyboard in Resources */,
				34B65B702C03B3170032D422 /* day_27.storyboard in Resources */,
				346F7E3F2BFBD53700B58FE7 /* sorrowful.storyboard in Resources */,
				3478F1D22C02389C00C3F036 /* day_20.storyboard in Resources */,
				346F7E422BFBD66500B58FE7 /* joyful.storyboard in Resources */,
				34B65B612C026F280032D422 /* day_22.storyboard in Resources */,
				34B65B6A2C03B1750032D422 /* day_25.storyboard in Resources */,
				3478F1C32BFFB88800C3F036 /* day_15.storyboard in Resources */,
				34BA89BF29F8382100CBB414 /* LaunchScreen.storyboard in Resources */,
				3478F1BD2BFE9AA800C3F036 /* day_13.storyboard in Resources */,
				34911AF62BFD1AAC00036B00 /* day_5.storyboard in Resources */,
				34BA89BC29F8382100CBB414 /* Assets.xcassets in Resources */,
				34B65B672C03B0DE0032D422 /* day_24.storyboard in Resources */,
				346F7E3C2BFBD3DB00B58FE7 /* glorious.storyboard in Resources */,
				34911AED2BFC2DE100036B00 /* day_3.storyboard in Resources */,
				34B65B6D2C03B2300032D422 /* day_26.storyboard in Resources */,
				3478F1C02BFFB76800C3F036 /* day_14.storyboard in Resources */,
				3478F1C62C00F56000C3F036 /* day_16.storyboard in Resources */,
				346F7E392BFBD29400B58FE7 /* luminous.storyboard in Resources */,
				3478F1C92C00F60400C3F036 /* day_17.storyboard in Resources */,
				3478F1B12BFE4C9300C3F036 /* day_10.storyboard in Resources */,
				34911AEA2BFC2CAF00036B00 /* day_2.storyboard in Resources */,
				34B65B642C0270630032D422 /* day_23.storyboard in Resources */,
				3478F1B42BFE4D4000C3F036 /* day_11.storyboard in Resources */,
				340E215C29FEC0DB005BC4DB /* topics.storyboard in Resources */,
				34911AFF2BFD7A5500036B00 /* day_8.storyboard in Resources */,
				3478F1D52C023A1B00C3F036 /* day_21.storyboard in Resources */,
				3478F1CF2C00FA8600C3F036 /* day_19.storyboard in Resources */,
				34B65B762C03B4B50032D422 /* day_29.storyboard in Resources */,
				34911AFC2BFD796100036B00 /* day_7.storyboard in Resources */,
				3478F1BA2BFE996A00C3F036 /* day_12.storyboard in Resources */,
				3478F1CC2C00F84A00C3F036 /* day_18.storyboard in Resources */,
				34911B022BFD7BD400036B00 /* day_9.storyboard in Resources */,
				34BA89BA29F8382000CBB414 /* Main.storyboard in Resources */,
				34911AE72BFC2B2B00036B00 /* day_1.storyboard in Resources */,
				34B65B732C03B3EE0032D422 /* day_28.storyboard in Resources */,
			);
			runOnlyForDeploymentPostprocessing = 0;
		};
		34BA89C329F8382100CBB414 /* Resources */ = {
			isa = PBXResourcesBuildPhase;
			buildActionMask = 2147483647;
			files = (
			);
			runOnlyForDeploymentPostprocessing = 0;
		};
		34BA89CD29F8382100CBB414 /* Resources */ = {
			isa = PBXResourcesBuildPhase;
			buildActionMask = 2147483647;
			files = (
			);
			runOnlyForDeploymentPostprocessing = 0;
		};
/* End PBXResourcesBuildPhase section */

/* Begin PBXSourcesBuildPhase section */
		34BA89AB29F8382000CBB414 /* Sources */ = {
			isa = PBXSourcesBuildPhase;
			buildActionMask = 2147483647;
			files = (
				3468DF052BBDEFA100698AD0 /* apps_click.swift in Sources */,
				34BA89B729F8382000CBB414 /* ViewController.swift in Sources */,
				34BA89B329F8382000CBB414 /* AppDelegate.swift in Sources */,
				34BA89B529F8382000CBB414 /* SceneDelegate.swift in Sources */,
			);
			runOnlyForDeploymentPostprocessing = 0;
		};
		34BA89C129F8382100CBB414 /* Sources */ = {
			isa = PBXSourcesBuildPhase;
			buildActionMask = 2147483647;
			files = (
				34BA89CA29F8382100CBB414 /* promise_rosaryTests.swift in Sources */,
			);
			runOnlyForDeploymentPostprocessing = 0;
		};
		34BA89CB29F8382100CBB414 /* Sources */ = {
			isa = PBXSourcesBuildPhase;
			buildActionMask = 2147483647;
			files = (
				34BA89D629F8382100CBB414 /* promise_rosaryUITestsLaunchTests.swift in Sources */,
				34BA89D429F8382100CBB414 /* promise_rosaryUITests.swift in Sources */,
			);
			runOnlyForDeploymentPostprocessing = 0;
		};
/* End PBXSourcesBuildPhase section */

/* Begin PBXTargetDependency section */
		34BA89C729F8382100CBB414 /* PBXTargetDependency */ = {
			isa = PBXTargetDependency;
			target = 34BA89AE29F8382000CBB414 /* promise-rosary */;
			targetProxy = 34BA89C629F8382100CBB414 /* PBXContainerItemProxy */;
		};
		34BA89D129F8382100CBB414 /* PBXTargetDependency */ = {
			isa = PBXTargetDependency;
			target = 34BA89AE29F8382000CBB414 /* promise-rosary */;
			targetProxy = 34BA89D029F8382100CBB414 /* PBXContainerItemProxy */;
		};
/* End PBXTargetDependency section */

/* Begin PBXVariantGroup section */
		340E215A29FEC0DB005BC4DB /* topics.storyboard */ = {
			isa = PBXVariantGroup;
			children = (
				340E215B29FEC0DB005BC4DB /* Base */,
			);
			name = topics.storyboard;
			sourceTree = "<group>";
		};
		346F7E372BFBD29400B58FE7 /* luminous.storyboard */ = {
			isa = PBXVariantGroup;
			children = (
				346F7E382BFBD29400B58FE7 /* Base */,
			);
			name = luminous.storyboard;
			sourceTree = "<group>";
		};
		346F7E3A2BFBD3DB00B58FE7 /* glorious.storyboard */ = {
			isa = PBXVariantGroup;
			children = (
				346F7E3B2BFBD3DB00B58FE7 /* Base */,
			);
			name = glorious.storyboard;
			sourceTree = "<group>";
		};
		346F7E3D2BFBD53700B58FE7 /* sorrowful.storyboard */ = {
			isa = PBXVariantGroup;
			children = (
				346F7E3E2BFBD53700B58FE7 /* Base */,
			);
			name = sorrowful.storyboard;
			sourceTree = "<group>";
		};
		346F7E402BFBD66500B58FE7 /* joyful.storyboard */ = {
			isa = PBXVariantGroup;
			children = (
				346F7E412BFBD66500B58FE7 /* Base */,
			);
			name = joyful.storyboard;
			sourceTree = "<group>";
		};
		3478F1AF2BFE4C9300C3F036 /* day_10.storyboard */ = {
			isa = PBXVariantGroup;
			children = (
				3478F1B02BFE4C9300C3F036 /* Base */,
			);
			name = day_10.storyboard;
			sourceTree = "<group>";
		};
		3478F1B22BFE4D4000C3F036 /* day_11.storyboard */ = {
			isa = PBXVariantGroup;
			children = (
				3478F1B32BFE4D4000C3F036 /* Base */,
			);
			name = day_11.storyboard;
			sourceTree = "<group>";
		};
		3478F1B82BFE996900C3F036 /* day_12.storyboard */ = {
			isa = PBXVariantGroup;
			children = (
				3478F1B92BFE996900C3F036 /* Base */,
			);
			name = day_12.storyboard;
			sourceTree = "<group>";
		};
		3478F1BB2BFE9AA800C3F036 /* day_13.storyboard */ = {
			isa = PBXVariantGroup;
			children = (
				3478F1BC2BFE9AA800C3F036 /* Base */,
			);
			name = day_13.storyboard;
			sourceTree = "<group>";
		};
		3478F1BE2BFFB76800C3F036 /* day_14.storyboard */ = {
			isa = PBXVariantGroup;
			children = (
				3478F1BF2BFFB76800C3F036 /* Base */,
			);
			name = day_14.storyboard;
			sourceTree = "<group>";
		};
		3478F1C12BFFB88800C3F036 /* day_15.storyboard */ = {
			isa = PBXVariantGroup;
			children = (
				3478F1C22BFFB88800C3F036 /* Base */,
			);
			name = day_15.storyboard;
			sourceTree = "<group>";
		};
		3478F1C42C00F56000C3F036 /* day_16.storyboard */ = {
			isa = PBXVariantGroup;
			children = (
				3478F1C52C00F56000C3F036 /* Base */,
			);
			name = day_16.storyboard;
			sourceTree = "<group>";
		};
		3478F1C72C00F60400C3F036 /* day_17.storyboard */ = {
			isa = PBXVariantGroup;
			children = (
				3478F1C82C00F60400C3F036 /* Base */,
			);
			name = day_17.storyboard;
			sourceTree = "<group>";
		};
		3478F1CA2C00F84A00C3F036 /* day_18.storyboard */ = {
			isa = PBXVariantGroup;
			children = (
				3478F1CB2C00F84A00C3F036 /* Base */,
			);
			name = day_18.storyboard;
			sourceTree = "<group>";
		};
		3478F1CD2C00FA8600C3F036 /* day_19.storyboard */ = {
			isa = PBXVariantGroup;
			children = (
				3478F1CE2C00FA8600C3F036 /* Base */,
			);
			name = day_19.storyboard;
			sourceTree = "<group>";
		};
		3478F1D02C02389C00C3F036 /* day_20.storyboard */ = {
			isa = PBXVariantGroup;
			children = (
				3478F1D12C02389C00C3F036 /* Base */,
			);
			name = day_20.storyboard;
			sourceTree = "<group>";
		};
		3478F1D32C023A1B00C3F036 /* day_21.storyboard */ = {
			isa = PBXVariantGroup;
			children = (
				3478F1D42C023A1B00C3F036 /* Base */,
			);
			name = day_21.storyboard;
			sourceTree = "<group>";
		};
		34911AE52BFC2B2B00036B00 /* day_1.storyboard */ = {
			isa = PBXVariantGroup;
			children = (
				34911AE62BFC2B2B00036B00 /* Base */,
			);
			name = day_1.storyboard;
			sourceTree = "<group>";
		};
		34911AE82BFC2CAF00036B00 /* day_2.storyboard */ = {
			isa = PBXVariantGroup;
			children = (
				34911AE92BFC2CAF00036B00 /* Base */,
			);
			name = day_2.storyboard;
			sourceTree = "<group>";
		};
		34911AEB2BFC2DE100036B00 /* day_3.storyboard */ = {
			isa = PBXVariantGroup;
			children = (
				34911AEC2BFC2DE100036B00 /* Base */,
			);
			name = day_3.storyboard;
			sourceTree = "<group>";
		};
		34911AF12BFD191500036B00 /* day_4.storyboard */ = {
			isa = PBXVariantGroup;
			children = (
				34911AF22BFD191500036B00 /* Base */,
			);
			name = day_4.storyboard;
			sourceTree = "<group>";
		};
		34911AF42BFD1AAC00036B00 /* day_5.storyboard */ = {
			isa = PBXVariantGroup;
			children = (
				34911AF52BFD1AAC00036B00 /* Base */,
			);
			name = day_5.storyboard;
			sourceTree = "<group>";
		};
		34911AF72BFD784000036B00 /* day_6.storyboard */ = {
			isa = PBXVariantGroup;
			children = (
				34911AF82BFD784000036B00 /* Base */,
			);
			name = day_6.storyboard;
			sourceTree = "<group>";
		};
		34911AFA2BFD796100036B00 /* day_7.storyboard */ = {
			isa = PBXVariantGroup;
			children = (
				34911AFB2BFD796100036B00 /* Base */,
			);
			name = day_7.storyboard;
			sourceTree = "<group>";
		};
		34911AFD2BFD7A5500036B00 /* day_8.storyboard */ = {
			isa = PBXVariantGroup;
			children = (
				34911AFE2BFD7A5500036B00 /* Base */,
			);
			name = day_8.storyboard;
			sourceTree = "<group>";
		};
		34911B002BFD7BD400036B00 /* day_9.storyboard */ = {
			isa = PBXVariantGroup;
			children = (
				34911B012BFD7BD400036B00 /* Base */,
			);
			name = day_9.storyboard;
			sourceTree = "<group>";
		};
		34B65B5F2C026F280032D422 /* day_22.storyboard */ = {
			isa = PBXVariantGroup;
			children = (
				34B65B602C026F280032D422 /* Base */,
			);
			name = day_22.storyboard;
			sourceTree = "<group>";
		};
		34B65B622C0270630032D422 /* day_23.storyboard */ = {
			isa = PBXVariantGroup;
			children = (
				34B65B632C0270630032D422 /* Base */,
			);
			name = day_23.storyboard;
			sourceTree = "<group>";
		};
		34B65B652C03B0DE0032D422 /* day_24.storyboard */ = {
			isa = PBXVariantGroup;
			children = (
				34B65B662C03B0DE0032D422 /* Base */,
			);
			name = day_24.storyboard;
			sourceTree = "<group>";
		};
		34B65B682C03B1750032D422 /* day_25.storyboard */ = {
			isa = PBXVariantGroup;
			children = (
				34B65B692C03B1750032D422 /* Base */,
			);
			name = day_25.storyboard;
			sourceTree = "<group>";
		};
		34B65B6B2C03B2300032D422 /* day_26.storyboard */ = {
			isa = PBXVariantGroup;
			children = (
				34B65B6C2C03B2300032D422 /* Base */,
			);
			name = day_26.storyboard;
			sourceTree = "<group>";
		};
		34B65B6E2C03B3170032D422 /* day_27.storyboard */ = {
			isa = PBXVariantGroup;
			children = (
				34B65B6F2C03B3170032D422 /* Base */,
			);
			name = day_27.storyboard;
			sourceTree = "<group>";
		};
		34B65B712C03B3EE0032D422 /* day_28.storyboard */ = {
			isa = PBXVariantGroup;
			children = (
				34B65B722C03B3EE0032D422 /* Base */,
			);
			name = day_28.storyboard;
			sourceTree = "<group>";
		};
		34B65B742C03B4B50032D422 /* day_29.storyboard */ = {
			isa = PBXVariantGroup;
			children = (
				34B65B752C03B4B50032D422 /* Base */,
			);
			name = day_29.storyboard;
			sourceTree = "<group>";
		};
		34BA89B829F8382000CBB414 /* Main.storyboard */ = {
			isa = PBXVariantGroup;
			children = (
				34BA89B929F8382000CBB414 /* Base */,
			);
			name = Main.storyboard;
			sourceTree = "<group>";
		};
		34BA89BD29F8382100CBB414 /* LaunchScreen.storyboard */ = {
			isa = PBXVariantGroup;
			children = (
				34BA89BE29F8382100CBB414 /* Base */,
			);
			name = LaunchScreen.storyboard;
			sourceTree = "<group>";
		};
/* End PBXVariantGroup section */

/* Begin XCBuildConfiguration section */
		34BA89D729F8382100CBB414 /* Debug */ = {
			isa = XCBuildConfiguration;
			buildSettings = {
				ALWAYS_SEARCH_USER_PATHS = NO;
				CLANG_ANALYZER_NONNULL = YES;
				CLANG_ANALYZER_NUMBER_OBJECT_CONVERSION = YES_AGGRESSIVE;
				CLANG_CXX_LANGUAGE_STANDARD = "gnu++20";
				CLANG_ENABLE_MODULES = YES;
				CLANG_ENABLE_OBJC_ARC = YES;
				CLANG_ENABLE_OBJC_WEAK = YES;
				CLANG_WARN_BLOCK_CAPTURE_AUTORELEASING = YES;
				CLANG_WARN_BOOL_CONVERSION = YES;
				CLANG_WARN_COMMA = YES;
				CLANG_WARN_CONSTANT_CONVERSION = YES;
				CLANG_WARN_DEPRECATED_OBJC_IMPLEMENTATIONS = YES;
				CLANG_WARN_DIRECT_OBJC_ISA_USAGE = YES_ERROR;
				CLANG_WARN_DOCUMENTATION_COMMENTS = YES;
				CLANG_WARN_EMPTY_BODY = YES;
				CLANG_WARN_ENUM_CONVERSION = YES;
				CLANG_WARN_INFINITE_RECURSION = YES;
				CLANG_WARN_INT_CONVERSION = YES;
				CLANG_WARN_NON_LITERAL_NULL_CONVERSION = YES;
				CLANG_WARN_OBJC_IMPLICIT_RETAIN_SELF = YES;
				CLANG_WARN_OBJC_LITERAL_CONVERSION = YES;
				CLANG_WARN_OBJC_ROOT_CLASS = YES_ERROR;
				CLANG_WARN_QUOTED_INCLUDE_IN_FRAMEWORK_HEADER = YES;
				CLANG_WARN_RANGE_LOOP_ANALYSIS = YES;
				CLANG_WARN_STRICT_PROTOTYPES = YES;
				CLANG_WARN_SUSPICIOUS_MOVE = YES;
				CLANG_WARN_UNGUARDED_AVAILABILITY = YES_AGGRESSIVE;
				CLANG_WARN_UNREACHABLE_CODE = YES;
				CLANG_WARN__DUPLICATE_METHOD_MATCH = YES;
				COPY_PHASE_STRIP = NO;
				DEBUG_INFORMATION_FORMAT = dwarf;
				ENABLE_STRICT_OBJC_MSGSEND = YES;
				ENABLE_TESTABILITY = YES;
				ENABLE_USER_SCRIPT_SANDBOXING = YES;
				GCC_C_LANGUAGE_STANDARD = gnu11;
				GCC_DYNAMIC_NO_PIC = NO;
				GCC_NO_COMMON_BLOCKS = YES;
				GCC_OPTIMIZATION_LEVEL = 0;
				GCC_PREPROCESSOR_DEFINITIONS = (
					"DEBUG=1",
					"$(inherited)",
				);
				GCC_WARN_64_TO_32_BIT_CONVERSION = YES;
				GCC_WARN_ABOUT_RETURN_TYPE = YES_ERROR;
				GCC_WARN_UNDECLARED_SELECTOR = YES;
				GCC_WARN_UNINITIALIZED_AUTOS = YES_AGGRESSIVE;
				GCC_WARN_UNUSED_FUNCTION = YES;
				GCC_WARN_UNUSED_VARIABLE = YES;
				IPHONEOS_DEPLOYMENT_TARGET = 15.0;
				MTL_ENABLE_DEBUG_INFO = INCLUDE_SOURCE;
				MTL_FAST_MATH = YES;
				ONLY_ACTIVE_ARCH = YES;
				SDKROOT = iphoneos;
				SWIFT_ACTIVE_COMPILATION_CONDITIONS = DEBUG;
				SWIFT_OPTIMIZATION_LEVEL = "-Onone";
			};
			name = Debug;
		};
		34BA89D829F8382100CBB414 /* Release */ = {
			isa = XCBuildConfiguration;
			buildSettings = {
				ALWAYS_SEARCH_USER_PATHS = NO;
				CLANG_ANALYZER_NONNULL = YES;
				CLANG_ANALYZER_NUMBER_OBJECT_CONVERSION = YES_AGGRESSIVE;
				CLANG_CXX_LANGUAGE_STANDARD = "gnu++20";
				CLANG_ENABLE_MODULES = YES;
				CLANG_ENABLE_OBJC_ARC = YES;
				CLANG_ENABLE_OBJC_WEAK = YES;
				CLANG_WARN_BLOCK_CAPTURE_AUTORELEASING = YES;
				CLANG_WARN_BOOL_CONVERSION = YES;
				CLANG_WARN_COMMA = YES;
				CLANG_WARN_CONSTANT_CONVERSION = YES;
				CLANG_WARN_DEPRECATED_OBJC_IMPLEMENTATIONS = YES;
				CLANG_WARN_DIRECT_OBJC_ISA_USAGE = YES_ERROR;
				CLANG_WARN_DOCUMENTATION_COMMENTS = YES;
				CLANG_WARN_EMPTY_BODY = YES;
				CLANG_WARN_ENUM_CONVERSION = YES;
				CLANG_WARN_INFINITE_RECURSION = YES;
				CLANG_WARN_INT_CONVERSION = YES;
				CLANG_WARN_NON_LITERAL_NULL_CONVERSION = YES;
				CLANG_WARN_OBJC_IMPLICIT_RETAIN_SELF = YES;
				CLANG_WARN_OBJC_LITERAL_CONVERSION = YES;
				CLANG_WARN_OBJC_ROOT_CLASS = YES_ERROR;
				CLANG_WARN_QUOTED_INCLUDE_IN_FRAMEWORK_HEADER = YES;
				CLANG_WARN_RANGE_LOOP_ANALYSIS = YES;
				CLANG_WARN_STRICT_PROTOTYPES = YES;
				CLANG_WARN_SUSPICIOUS_MOVE = YES;
				CLANG_WARN_UNGUARDED_AVAILABILITY = YES_AGGRESSIVE;
				CLANG_WARN_UNREACHABLE_CODE = YES;
				CLANG_WARN__DUPLICATE_METHOD_MATCH = YES;
				COPY_PHASE_STRIP = NO;
				DEBUG_INFORMATION_FORMAT = "dwarf-with-dsym";
				ENABLE_NS_ASSERTIONS = NO;
				ENABLE_STRICT_OBJC_MSGSEND = YES;
				ENABLE_USER_SCRIPT_SANDBOXING = YES;
				GCC_C_LANGUAGE_STANDARD = gnu11;
				GCC_NO_COMMON_BLOCKS = YES;
				GCC_WARN_64_TO_32_BIT_CONVERSION = YES;
				GCC_WARN_ABOUT_RETURN_TYPE = YES_ERROR;
				GCC_WARN_UNDECLARED_SELECTOR = YES;
				GCC_WARN_UNINITIALIZED_AUTOS = YES_AGGRESSIVE;
				GCC_WARN_UNUSED_FUNCTION = YES;
				GCC_WARN_UNUSED_VARIABLE = YES;
				IPHONEOS_DEPLOYMENT_TARGET = 15.0;
				MTL_ENABLE_DEBUG_INFO = NO;
				MTL_FAST_MATH = YES;
				SDKROOT = iphoneos;
				SWIFT_COMPILATION_MODE = wholemodule;
				SWIFT_OPTIMIZATION_LEVEL = "-O";
				VALIDATE_PRODUCT = YES;
			};
			name = Release;
		};
		34BA89DA29F8382100CBB414 /* Debug */ = {
			isa = XCBuildConfiguration;
			buildSettings = {
				ASSETCATALOG_COMPILER_APPICON_NAME = AppIcon;
				ASSETCATALOG_COMPILER_GLOBAL_ACCENT_COLOR_NAME = AccentColor;
				CODE_SIGN_STYLE = Automatic;
				CURRENT_PROJECT_VERSION = 1;
				DEVELOPMENT_TEAM = B8C453N3ZW;
				GENERATE_INFOPLIST_FILE = YES;
				INFOPLIST_FILE = "promise-rosary/Info.plist";
				INFOPLIST_KEY_CFBundleDisplayName = "Promise Rosary";
				INFOPLIST_KEY_LSApplicationCategoryType = "public.app-category.reference";
				INFOPLIST_KEY_UIApplicationSupportsIndirectInputEvents = YES;
				INFOPLIST_KEY_UILaunchStoryboardName = LaunchScreen;
				INFOPLIST_KEY_UIMainStoryboardFile = Main;
				INFOPLIST_KEY_UISupportedInterfaceOrientations_iPad = "UIInterfaceOrientationPortrait UIInterfaceOrientationPortraitUpsideDown UIInterfaceOrientationLandscapeLeft UIInterfaceOrientationLandscapeRight";
				INFOPLIST_KEY_UISupportedInterfaceOrientations_iPhone = "UIInterfaceOrientationPortrait UIInterfaceOrientationLandscapeLeft UIInterfaceOrientationLandscapeRight";
				IPHONEOS_DEPLOYMENT_TARGET = 15.0;
				LD_RUNPATH_SEARCH_PATHS = (
					"$(inherited)",
					"@executable_path/Frameworks",
				);
				MARKETING_VERSION = 1.1;
				PRODUCT_BUNDLE_IDENTIFIER = "com.giftedbookstore.promise-rosary";
				PRODUCT_NAME = "$(TARGET_NAME)";
				SWIFT_EMIT_LOC_STRINGS = YES;
				SWIFT_VERSION = 5.0;
				TARGETED_DEVICE_FAMILY = "1,2";
			};
			name = Debug;
		};
		34BA89DB29F8382100CBB414 /* Release */ = {
			isa = XCBuildConfiguration;
			buildSettings = {
				ASSETCATALOG_COMPILER_APPICON_NAME = AppIcon;
				ASSETCATALOG_COMPILER_GLOBAL_ACCENT_COLOR_NAME = AccentColor;
				CODE_SIGN_STYLE = Automatic;
				CURRENT_PROJECT_VERSION = 1;
				DEVELOPMENT_TEAM = B8C453N3ZW;
				GENERATE_INFOPLIST_FILE = YES;
				INFOPLIST_FILE = "promise-rosary/Info.plist";
				INFOPLIST_KEY_CFBundleDisplayName = "Promise Rosary";
				INFOPLIST_KEY_LSApplicationCategoryType = "public.app-category.reference";
				INFOPLIST_KEY_UIApplicationSupportsIndirectInputEvents = YES;
				INFOPLIST_KEY_UILaunchStoryboardName = LaunchScreen;
				INFOPLIST_KEY_UIMainStoryboardFile = Main;
				INFOPLIST_KEY_UISupportedInterfaceOrientations_iPad = "UIInterfaceOrientationPortrait UIInterfaceOrientationPortraitUpsideDown UIInterfaceOrientationLandscapeLeft UIInterfaceOrientationLandscapeRight";
				INFOPLIST_KEY_UISupportedInterfaceOrientations_iPhone = "UIInterfaceOrientationPortrait UIInterfaceOrientationLandscapeLeft UIInterfaceOrientationLandscapeRight";
				IPHONEOS_DEPLOYMENT_TARGET = 15.0;
				LD_RUNPATH_SEARCH_PATHS = (
					"$(inherited)",
					"@executable_path/Frameworks",
				);
				MARKETING_VERSION = 1.1;
				PRODUCT_BUNDLE_IDENTIFIER = "com.giftedbookstore.promise-rosary";
				PRODUCT_NAME = "$(TARGET_NAME)";
				SWIFT_EMIT_LOC_STRINGS = YES;
				SWIFT_VERSION = 5.0;
				TARGETED_DEVICE_FAMILY = "1,2";
			};
			name = Release;
		};
		34BA89DD29F8382100CBB414 /* Debug */ = {
			isa = XCBuildConfiguration;
			buildSettings = {
				ALWAYS_EMBED_SWIFT_STANDARD_LIBRARIES = YES;
				BUNDLE_LOADER = "$(TEST_HOST)";
				CODE_SIGN_STYLE = Automatic;
				CURRENT_PROJECT_VERSION = 1;
				DEVELOPMENT_TEAM = B8C453N3ZW;
				GENERATE_INFOPLIST_FILE = YES;
				IPHONEOS_DEPLOYMENT_TARGET = 16.2;
				MARKETING_VERSION = 1.0;
				PRODUCT_BUNDLE_IDENTIFIER = "com.giftedbookstore.promise-rosaryTests";
				PRODUCT_NAME = "$(TARGET_NAME)";
				SWIFT_EMIT_LOC_STRINGS = NO;
				SWIFT_VERSION = 5.0;
				TARGETED_DEVICE_FAMILY = "1,2";
				TEST_HOST = "$(BUILT_PRODUCTS_DIR)/promise-rosary.app/$(BUNDLE_EXECUTABLE_FOLDER_PATH)/promise-rosary";
			};
			name = Debug;
		};
		34BA89DE29F8382100CBB414 /* Release */ = {
			isa = XCBuildConfiguration;
			buildSettings = {
				ALWAYS_EMBED_SWIFT_STANDARD_LIBRARIES = YES;
				BUNDLE_LOADER = "$(TEST_HOST)";
				CODE_SIGN_STYLE = Automatic;
				CURRENT_PROJECT_VERSION = 1;
				DEVELOPMENT_TEAM = B8C453N3ZW;
				GENERATE_INFOPLIST_FILE = YES;
				IPHONEOS_DEPLOYMENT_TARGET = 16.2;
				MARKETING_VERSION = 1.0;
				PRODUCT_BUNDLE_IDENTIFIER = "com.giftedbookstore.promise-rosaryTests";
				PRODUCT_NAME = "$(TARGET_NAME)";
				SWIFT_EMIT_LOC_STRINGS = NO;
				SWIFT_VERSION = 5.0;
				TARGETED_DEVICE_FAMILY = "1,2";
				TEST_HOST = "$(BUILT_PRODUCTS_DIR)/promise-rosary.app/$(BUNDLE_EXECUTABLE_FOLDER_PATH)/promise-rosary";
			};
			name = Release;
		};
		34BA89E029F8382100CBB414 /* Debug */ = {
			isa = XCBuildConfiguration;
			buildSettings = {
				ALWAYS_EMBED_SWIFT_STANDARD_LIBRARIES = YES;
				CODE_SIGN_STYLE = Automatic;
				CURRENT_PROJECT_VERSION = 1;
				DEVELOPMENT_TEAM = B8C453N3ZW;
				GENERATE_INFOPLIST_FILE = YES;
				MARKETING_VERSION = 1.0;
				PRODUCT_BUNDLE_IDENTIFIER = "com.giftedbookstore.promise-rosaryUITests";
				PRODUCT_NAME = "$(TARGET_NAME)";
				SWIFT_EMIT_LOC_STRINGS = NO;
				SWIFT_VERSION = 5.0;
				TARGETED_DEVICE_FAMILY = "1,2";
				TEST_TARGET_NAME = "promise-rosary";
			};
			name = Debug;
		};
		34BA89E129F8382100CBB414 /* Release */ = {
			isa = XCBuildConfiguration;
			buildSettings = {
				ALWAYS_EMBED_SWIFT_STANDARD_LIBRARIES = YES;
				CODE_SIGN_STYLE = Automatic;
				CURRENT_PROJECT_VERSION = 1;
				DEVELOPMENT_TEAM = B8C453N3ZW;
				GENERATE_INFOPLIST_FILE = YES;
				MARKETING_VERSION = 1.0;
				PRODUCT_BUNDLE_IDENTIFIER = "com.giftedbookstore.promise-rosaryUITests";
				PRODUCT_NAME = "$(TARGET_NAME)";
				SWIFT_EMIT_LOC_STRINGS = NO;
				SWIFT_VERSION = 5.0;
				TARGETED_DEVICE_FAMILY = "1,2";
				TEST_TARGET_NAME = "promise-rosary";
			};
			name = Release;
		};
/* End XCBuildConfiguration section */

/* Begin XCConfigurationList section */
		34BA89AA29F8382000CBB414 /* Build configuration list for PBXProject "promise-rosary" */ = {
			isa = XCConfigurationList;
			buildConfigurations = (
				34BA89D729F8382100CBB414 /* Debug */,
				34BA89D829F8382100CBB414 /* Release */,
			);
			defaultConfigurationIsVisible = 0;
			defaultConfigurationName = Release;
		};
		34BA89D929F8382100CBB414 /* Build configuration list for PBXNativeTarget "promise-rosary" */ = {
			isa = XCConfigurationList;
			buildConfigurations = (
				34BA89DA29F8382100CBB414 /* Debug */,
				34BA89DB29F8382100CBB414 /* Release */,
			);
			defaultConfigurationIsVisible = 0;
			defaultConfigurationName = Release;
		};
		34BA89DC29F8382100CBB414 /* Build configuration list for PBXNativeTarget "promise-rosaryTests" */ = {
			isa = XCConfigurationList;
			buildConfigurations = (
				34BA89DD29F8382100CBB414 /* Debug */,
				34BA89DE29F8382100CBB414 /* Release */,
			);
			defaultConfigurationIsVisible = 0;
			defaultConfigurationName = Release;
		};
		34BA89DF29F8382100CBB414 /* Build configuration list for PBXNativeTarget "promise-rosaryUITests" */ = {
			isa = XCConfigurationList;
			buildConfigurations = (
				34BA89E029F8382100CBB414 /* Debug */,
				34BA89E129F8382100CBB414 /* Release */,
			);
			defaultConfigurationIsVisible = 0;
			defaultConfigurationName = Release;
		};
/* End XCConfigurationList section */
	};
	rootObject = 34BA89A729F8382000CBB414 /* Project object */;
}
